
Microsoft Visual Studio Solution File, Format Version 12.00
# Visual Studio Version 16
VisualStudioVersion = 16.0.30907.101
MinimumVisualStudioVersion = 10.0.40219.1
Project("{9A19103F-16F7-4668-BE54-9A1E7A4F7556}") = "CoxDemo", "CoxDemo\CoxDemo.csproj", "{9CA511A1-A47D-4E6E-963A-AAA84EF2BEA5}"
EndProject
Project("{FAE04EC0-301F-11D3-BF4B-00C04F79EFBC}") = "CoxDemoTest", "CoxDemoTest\CoxDemoTest.csproj", "{2CD7DD1B-5FCC-4C45-B8C5-B2FD99A3817B}"
EndProject
Global
	GlobalSection(SolutionConfigurationPlatforms) = preSolution
		Debug|Any CPU = Debug|Any CPU
		Release|Any CPU = Release|Any CPU
	EndGlobalSection
	GlobalSection(ProjectConfigurationPlatforms) = postSolution
		{9CA511A1-A47D-4E6E-963A-AAA84EF2BEA5}.Debug|Any CPU.ActiveCfg = Debug|Any CPU
		{9CA511A1-A47D-4E6E-963A-AAA84EF2BEA5}.Debug|Any CPU.Build.0 = Debug|Any CPU
		{9CA511A1-A47D-4E6E-963A-AAA84EF2BEA5}.Release|Any CPU.ActiveCfg = Release|Any CPU
		{9CA511A1-A47D-4E6E-963A-AAA84EF2BEA5}.Release|Any CPU.Build.0 = Release|Any CPU
		{2CD7DD1B-5FCC-4C45-B8C5-B2FD99A3817B}.Debug|Any CPU.ActiveCfg = Debug|Any CPU
		{2CD7DD1B-5FCC-4C45-B8C5-B2FD99A3817B}.Debug|Any CPU.Build.0 = Debug|Any CPU
		{2CD7DD1B-5FCC-4C45-B8C5-B2FD99A3817B}.Release|Any CPU.ActiveCfg = Release|Any CPU
		{2CD7DD1B-5FCC-4C45-B8C5-B2FD99A3817B}.Release|Any CPU.Build.0 = Release|Any CPU
	EndGlobalSection
	GlobalSection(SolutionProperties) = preSolution
		HideSolutionNode = FALSE
	EndGlobalSection
	GlobalSection(ExtensibilityGlobals) = postSolution
		SolutionGuid = {14416C93-CB0F-41EB-AE1F-AFC77088EE36}
	EndGlobalSection
EndGlobal
